
Microsoft Visual Studio Solution File, Format Version 12.00
# Visual Studio Version 17
VisualStudioVersion = 17.11.35222.181
MinimumVisualStudioVersion = 10.0.40219.1
Project("{FAE04EC0-301F-11D3-BF4B-00C04F79EFBC}") = "ConsoleApp1", "ConsoleApp1.csproj", "{D0D341DE-05DA-4224-9A76-86778F163552}"
EndProject
Project("{FAE04EC0-301F-11D3-BF4B-00C04F79EFBC}") = "ContactsBusinessLayer", "..\ContactsBusinessLayer\ContactsBusinessLayer.csproj", "{41AE01F4-ECC4-42A7-A845-7F9EF454898C}"
EndProject
Project("{FAE04EC0-301F-11D3-BF4B-00C04F79EFBC}") = "ContactsDataAccessLayer", "..\ContactsDataAccessLayer\ContactsDataAccessLayer.csproj", "{0137B1C6-CC50-4D28-A4B9-4A9A7A718B24}"
EndProject
Global
	GlobalSection(SolutionConfigurationPlatforms) = preSolution
		Debug|Any CPU = Debug|Any CPU
		Release|Any CPU = Release|Any CPU
	EndGlobalSection
	GlobalSection(ProjectConfigurationPlatforms) = postSolution
		{D0D341DE-05DA-4224-9A76-86778F163552}.Debug|Any CPU.ActiveCfg = Debug|Any CPU
		{D0D341DE-05DA-4224-9A76-86778F163552}.Debug|Any CPU.Build.0 = Debug|Any CPU
		{D0D341DE-05DA-4224-9A76-86778F163552}.Release|Any CPU.ActiveCfg = Release|Any CPU
		{D0D341DE-05DA-4224-9A76-86778F163552}.Release|Any CPU.Build.0 = Release|Any CPU
		{41AE01F4-ECC4-42A7-A845-7F9EF454898C}.Debug|Any CPU.ActiveCfg = Debug|Any CPU
		{41AE01F4-ECC4-42A7-A845-7F9EF454898C}.Debug|Any CPU.Build.0 = Debug|Any CPU
		{41AE01F4-ECC4-42A7-A845-7F9EF454898C}.Release|Any CPU.ActiveCfg = Release|Any CPU
		{41AE01F4-ECC4-42A7-A845-7F9EF454898C}.Release|Any CPU.Build.0 = Release|Any CPU
		{0137B1C6-CC50-4D28-A4B9-4A9A7A718B24}.Debug|Any CPU.ActiveCfg = Debug|Any CPU
		{0137B1C6-CC50-4D28-A4B9-4A9A7A718B24}.Debug|Any CPU.Build.0 = Debug|Any CPU
		{0137B1C6-CC50-4D28-A4B9-4A9A7A718B24}.Release|Any CPU.ActiveCfg = Release|Any CPU
		{0137B1C6-CC50-4D28-A4B9-4A9A7A718B24}.Release|Any CPU.Build.0 = Release|Any CPU
	EndGlobalSection
	GlobalSection(SolutionProperties) = preSolution
		HideSolutionNode = FALSE
	EndGlobalSection
	GlobalSection(ExtensibilityGlobals) = postSolution
		SolutionGuid = {65339418-BEBC-4846-A4EE-BBFF4CCB2EF4}
	EndGlobalSection
EndGlobal
